
Microsoft Visual Studio Solution File, Format Version 12.00
# Visual Studio Version 17
VisualStudioVersion = 17.9.34616.47
MinimumVisualStudioVersion = 10.0.40219.1
Project("{FAE04EC0-301F-11D3-BF4B-00C04F79EFBC}") = "Solu-o-PO3", "Solu-o-PO3\Solu-o-PO3.csproj", "{EA2E695B-C2B9-4B29-A63A-E141FC0EEDC8}"
EndProject
Project("{FAE04EC0-301F-11D3-BF4B-00C04F79EFBC}") = "TestProject3", "TestProject3\TestProject3.csproj", "{5A78CCBF-3498-4166-890C-0B70F1858887}"
EndProject
Global
	GlobalSection(SolutionConfigurationPlatforms) = preSolution
		Debug|Any CPU = Debug|Any CPU
		Release|Any CPU = Release|Any CPU
	EndGlobalSection
	GlobalSection(ProjectConfigurationPlatforms) = postSolution
		{EA2E695B-C2B9-4B29-A63A-E141FC0EEDC8}.Debug|Any CPU.ActiveCfg = Debug|Any CPU
		{EA2E695B-C2B9-4B29-A63A-E141FC0EEDC8}.Debug|Any CPU.Build.0 = Debug|Any CPU
		{EA2E695B-C2B9-4B29-A63A-E141FC0EEDC8}.Release|Any CPU.ActiveCfg = Release|Any CPU
		{EA2E695B-C2B9-4B29-A63A-E141FC0EEDC8}.Release|Any CPU.Build.0 = Release|Any CPU
		{5A78CCBF-3498-4166-890C-0B70F1858887}.Debug|Any CPU.ActiveCfg = Debug|Any CPU
		{5A78CCBF-3498-4166-890C-0B70F1858887}.Debug|Any CPU.Build.0 = Debug|Any CPU
		{5A78CCBF-3498-4166-890C-0B70F1858887}.Release|Any CPU.ActiveCfg = Release|Any CPU
		{5A78CCBF-3498-4166-890C-0B70F1858887}.Release|Any CPU.Build.0 = Release|Any CPU
	EndGlobalSection
	GlobalSection(SolutionProperties) = preSolution
		HideSolutionNode = FALSE
	EndGlobalSection
	GlobalSection(ExtensibilityGlobals) = postSolution
		SolutionGuid = {11871804-3FBF-4CA5-A5A0-8122C26E8BAE}
	EndGlobalSection
EndGlobal
